
Microsoft Visual Studio Solution File, Format Version 12.00
# Visual Studio 15
VisualStudioVersion = 15.0.28307.489
MinimumVisualStudioVersion = 10.0.40219.1
Project("{FAE04EC0-301F-11D3-BF4B-00C04F79EFBC}") = "sqlitetofrom", "sqlitetofrom\sqlitetofrom.csproj", "{BAAFD447-E641-46D5-AD0F-1CD80982E82C}"
EndProject
Global
	GlobalSection(SolutionConfigurationPlatforms) = preSolution
		Debug|Any CPU = Debug|Any CPU
		Release|Any CPU = Release|Any CPU
	EndGlobalSection
	GlobalSection(ProjectConfigurationPlatforms) = postSolution
		{BAAFD447-E641-46D5-AD0F-1CD80982E82C}.Debug|Any CPU.ActiveCfg = Debug|Any CPU
		{BAAFD447-E641-46D5-AD0F-1CD80982E82C}.Debug|Any CPU.Build.0 = Debug|Any CPU
		{BAAFD447-E641-46D5-AD0F-1CD80982E82C}.Release|Any CPU.ActiveCfg = Release|Any CPU
		{BAAFD447-E641-46D5-AD0F-1CD80982E82C}.Release|Any CPU.Build.0 = Release|Any CPU
	EndGlobalSection
	GlobalSection(SolutionProperties) = preSolution
		HideSolutionNode = FALSE
	EndGlobalSection
	GlobalSection(ExtensibilityGlobals) = postSolution
		SolutionGuid = {96C764D0-EDE8-4A87-AFBB-4C316D3165F4}
	EndGlobalSection
EndGlobal
